
Microsoft Visual Studio Solution File, Format Version 12.00
# Visual Studio Version 17
VisualStudioVersion = 17.4.33110.190
MinimumVisualStudioVersion = 10.0.40219.1
Project("{FAE04EC0-301F-11D3-BF4B-00C04F79EFBC}") = "LAB OOP00A", "LAB OOP00A\LAB OOP00A.csproj", "{DB3ED352-E3EC-4DC7-B90B-339BDDA5CD1A}"
EndProject
Global
	GlobalSection(SolutionConfigurationPlatforms) = preSolution
		Debug|Any CPU = Debug|Any CPU
		Release|Any CPU = Release|Any CPU
	EndGlobalSection
	GlobalSection(ProjectConfigurationPlatforms) = postSolution
		{DB3ED352-E3EC-4DC7-B90B-339BDDA5CD1A}.Debug|Any CPU.ActiveCfg = Debug|Any CPU
		{DB3ED352-E3EC-4DC7-B90B-339BDDA5CD1A}.Debug|Any CPU.Build.0 = Debug|Any CPU
		{DB3ED352-E3EC-4DC7-B90B-339BDDA5CD1A}.Release|Any CPU.ActiveCfg = Release|Any CPU
		{DB3ED352-E3EC-4DC7-B90B-339BDDA5CD1A}.Release|Any CPU.Build.0 = Release|Any CPU
	EndGlobalSection
	GlobalSection(SolutionProperties) = preSolution
		HideSolutionNode = FALSE
	EndGlobalSection
	GlobalSection(ExtensibilityGlobals) = postSolution
		SolutionGuid = {DECC8C42-7FFE-47B8-A532-257A22FEC313}
	EndGlobalSection
EndGlobal
